
Microsoft Visual Studio Solution File, Format Version 12.00
# Visual Studio 15
VisualStudioVersion = 15.0.28307.271
MinimumVisualStudioVersion = 10.0.40219.1
Project("{FAE04EC0-301F-11D3-BF4B-00C04F79EFBC}") = "WcfAzureStorageBinding", "WcfAzureStorageBinding\WcfAzureStorageBinding.csproj", "{5FDAE262-06FD-49C6-B44F-EC1AF1F326E5}"
EndProject
Global
	GlobalSection(SolutionConfigurationPlatforms) = preSolution
		Debug|Any CPU = Debug|Any CPU
		Release|Any CPU = Release|Any CPU
	EndGlobalSection
	GlobalSection(ProjectConfigurationPlatforms) = postSolution
		{5FDAE262-06FD-49C6-B44F-EC1AF1F326E5}.Debug|Any CPU.ActiveCfg = Debug|Any CPU
		{5FDAE262-06FD-49C6-B44F-EC1AF1F326E5}.Debug|Any CPU.Build.0 = Debug|Any CPU
		{5FDAE262-06FD-49C6-B44F-EC1AF1F326E5}.Release|Any CPU.ActiveCfg = Release|Any CPU
		{5FDAE262-06FD-49C6-B44F-EC1AF1F326E5}.Release|Any CPU.Build.0 = Release|Any CPU
	EndGlobalSection
	GlobalSection(SolutionProperties) = preSolution
		HideSolutionNode = FALSE
	EndGlobalSection
	GlobalSection(ExtensibilityGlobals) = postSolution
		SolutionGuid = {E0C637A4-58A7-467E-BF5C-AE1A0A154B08}
	EndGlobalSection
EndGlobal
